
Microsoft Visual Studio Solution File, Format Version 12.00
# Visual Studio Version 16
VisualStudioVersion = 16.0.29306.81
MinimumVisualStudioVersion = 10.0.40219.1
Project("{8BC9CEB8-8B4A-11D0-8D11-00A0C91BC942}") = "atma_test", "project\atma_test\atma_test.vcxproj", "{AD2E1D66-97F7-4E55-8277-0FAFA8B4CB0F}"
EndProject
Project("{8BC9CEB8-8B4A-11D0-8D11-00A0C91BC942}") = "atma", "project\atma\atma.vcxproj", "{3301E1FA-9F23-43C6-A5E1-183204867D44}"
EndProject
Global
	GlobalSection(SolutionConfigurationPlatforms) = preSolution
		Development|x64 = Development|x64
		Distribution|x64 = Distribution|x64
		Test|x64 = Test|x64
	EndGlobalSection
	GlobalSection(ProjectConfigurationPlatforms) = postSolution
		{AD2E1D66-97F7-4E55-8277-0FAFA8B4CB0F}.Development|x64.ActiveCfg = Test|x64
		{AD2E1D66-97F7-4E55-8277-0FAFA8B4CB0F}.Development|x64.Build.0 = Test|x64
		{AD2E1D66-97F7-4E55-8277-0FAFA8B4CB0F}.Distribution|x64.ActiveCfg = Test|x64
		{AD2E1D66-97F7-4E55-8277-0FAFA8B4CB0F}.Distribution|x64.Build.0 = Test|x64
		{AD2E1D66-97F7-4E55-8277-0FAFA8B4CB0F}.Test|x64.ActiveCfg = Test|x64
		{AD2E1D66-97F7-4E55-8277-0FAFA8B4CB0F}.Test|x64.Build.0 = Test|x64
		{3301E1FA-9F23-43C6-A5E1-183204867D44}.Development|x64.ActiveCfg = Development|x64
		{3301E1FA-9F23-43C6-A5E1-183204867D44}.Development|x64.Build.0 = Development|x64
		{3301E1FA-9F23-43C6-A5E1-183204867D44}.Distribution|x64.ActiveCfg = Distribution|x64
		{3301E1FA-9F23-43C6-A5E1-183204867D44}.Distribution|x64.Build.0 = Distribution|x64
		{3301E1FA-9F23-43C6-A5E1-183204867D44}.Test|x64.ActiveCfg = Development|x64
		{3301E1FA-9F23-43C6-A5E1-183204867D44}.Test|x64.Build.0 = Development|x64
	EndGlobalSection
	GlobalSection(SolutionProperties) = preSolution
		HideSolutionNode = FALSE
	EndGlobalSection
	GlobalSection(ExtensibilityGlobals) = postSolution
		SolutionGuid = {B1CD7739-A9E3-4795-9FC8-0C34A616343D}
	EndGlobalSection
EndGlobal
