<?xml version="1.0" encoding="utf-8"?>
<Project ToolsVersion="4.0" xmlns="http://schemas.microsoft.com/developer/msbuild/2003">
  <ItemGroup>
    <Filter Include="include">
      <UniqueIdentifier>{93995380-89BD-4b04-88EB-625FBE52EBFB}</UniqueIdentifier>
      <Extensions>h;hpp;hxx;hm;inl;inc;xsd</Extensions>
    </Filter>
    <Filter Include="include\unittest">
      <UniqueIdentifier>{212efac9-27ce-4def-b673-450125bac75a}</UniqueIdentifier>
    </Filter>
    <Filter Include="include\config">
      <UniqueIdentifier>{15eba01f-1b79-41ab-beac-416450e8cd49}</UniqueIdentifier>
    </Filter>
    <Filter Include="include\lockfree">
      <UniqueIdentifier>{bd6e461d-e4e4-4151-820a-ba75b405d987}</UniqueIdentifier>
    </Filter>
    <Filter Include="include\assert">
      <UniqueIdentifier>{968ad29c-4c40-4d67-be31-61ef65f7d577}</UniqueIdentifier>
    </Filter>
    <Filter Include="include\utf">
      <UniqueIdentifier>{c571d2bb-bc4c-4294-a285-1c5b931d165e}</UniqueIdentifier>
    </Filter>
    <Filter Include="include\xtm">
      <UniqueIdentifier>{519b14cc-6d79-43a3-aa0f-7274dcf5dd10}</UniqueIdentifier>
    </Filter>
    <Filter Include="include\evented">
      <UniqueIdentifier>{6ac3561b-d933-4be5-88cd-b3b8bdf83a57}</UniqueIdentifier>
    </Filter>
    <Filter Include="include\math">
      <UniqueIdentifier>{7c37c013-ff49-4e04-8eb0-f2a5ee70009c}</UniqueIdentifier>
    </Filter>
    <Filter Include="include\math\impl">
      <UniqueIdentifier>{3b0f1977-6819-42ac-8925-933be32db955}</UniqueIdentifier>
    </Filter>
  </ItemGroup>
  <ItemGroup>
    <ClInclude Include="..\include\atma\assert.hpp">
      <Filter>include</Filter>
    </ClInclude>
    <ClInclude Include="..\include\atma\unittest\compile.hpp">
      <Filter>include\unittest</Filter>
    </ClInclude>
    <ClInclude Include="..\include\atma\unittest\emission.hpp">
      <Filter>include\unittest</Filter>
    </ClInclude>
    <ClInclude Include="..\include\atma\unittest\ennumerate.hpp">
      <Filter>include\unittest</Filter>
    </ClInclude>
    <ClInclude Include="..\include\atma\unittest\run.hpp">
      <Filter>include\unittest</Filter>
    </ClInclude>
    <ClInclude Include="..\include\atma\unittest\unittest.hpp">
      <Filter>include\unittest</Filter>
    </ClInclude>
    <ClInclude Include="..\include\atma\config\platform.hpp">
      <Filter>include\config</Filter>
    </ClInclude>
    <ClInclude Include="..\include\atma\lockfree\queue.hpp">
      <Filter>include\lockfree</Filter>
    </ClInclude>
    <ClInclude Include="..\include\atma\console.hpp">
      <Filter>include</Filter>
    </ClInclude>
    <ClInclude Include="..\include\atma\algorithm.hpp">
      <Filter>include</Filter>
    </ClInclude>
    <ClInclude Include="..\include\atma\assert\config.hpp">
      <Filter>include\assert</Filter>
    </ClInclude>
    <ClInclude Include="..\include\atma\assert\ensure.hpp">
      <Filter>include\assert</Filter>
    </ClInclude>
    <ClInclude Include="..\include\atma\assert\handling.hpp">
      <Filter>include\assert</Filter>
    </ClInclude>
    <ClInclude Include="..\include\atma\assert\basic.hpp">
      <Filter>include\assert</Filter>
    </ClInclude>
    <ClInclude Include="..\include\atma\utf\algorithm.hpp">
      <Filter>include\utf</Filter>
    </ClInclude>
    <ClInclude Include="..\include\atma\utf\utf8_istream.hpp">
      <Filter>include\utf</Filter>
    </ClInclude>
    <ClInclude Include="..\include\atma\utf\utf8_string.hpp">
      <Filter>include\utf</Filter>
    </ClInclude>
    <ClInclude Include="..\include\atma\utf\utf8_string_range.hpp">
      <Filter>include\utf</Filter>
    </ClInclude>
    <ClInclude Include="..\include\atma\string.hpp">
      <Filter>include</Filter>
    </ClInclude>
    <ClInclude Include="..\include\atma\xtm\tuple.hpp">
      <Filter>include\xtm</Filter>
    </ClInclude>
    <ClInclude Include="..\include\atma\xtm\function.hpp">
      <Filter>include\xtm</Filter>
    </ClInclude>
    <ClInclude Include="..\include\atma\evented\event.hpp">
      <Filter>include\evented</Filter>
    </ClInclude>
    <ClInclude Include="..\include\atma\evented\delegate.hpp">
      <Filter>include\evented</Filter>
    </ClInclude>
    <ClInclude Include="..\include\atma\math\matrix.hpp">
      <Filter>include\math</Filter>
    </ClInclude>
    <ClInclude Include="..\include\atma\math\vector.hpp">
      <Filter>include\math</Filter>
    </ClInclude>
    <ClInclude Include="..\include\atma\math\impl\binary_operator.hpp">
      <Filter>include\math\impl</Filter>
    </ClInclude>
    <ClInclude Include="..\include\atma\math\impl\elementwise_fns.hpp">
      <Filter>include\math\impl</Filter>
    </ClInclude>
    <ClInclude Include="..\include\atma\math\impl\operators.hpp">
      <Filter>include\math\impl</Filter>
    </ClInclude>
    <ClInclude Include="..\include\atma\math\impl\storage_policy.hpp">
      <Filter>include\math\impl</Filter>
    </ClInclude>
    <ClInclude Include="..\include\atma\math\impl\vector_impl.hpp">
      <Filter>include\math\impl</Filter>
    </ClInclude>
    <ClInclude Include="..\include\atma\math\impl\vector_opers.hpp">
      <Filter>include\math\impl</Filter>
    </ClInclude>
    <ClInclude Include="..\include\atma\math\impl\expr.hpp">
      <Filter>include\math\impl</Filter>
    </ClInclude>
  </ItemGroup>
  <ItemGroup>
    <None Include="..\include\atma\intrusive_ptr.hpp">
      <Filter>include</Filter>
    </None>
  </ItemGroup>
</Project>