<?xml version="1.0" encoding="utf-8"?>
<Project ToolsVersion="4.0" xmlns="http://schemas.microsoft.com/developer/msbuild/2003">
  <ItemGroup>
    <Filter Include="include">
      <UniqueIdentifier>{93995380-89BD-4b04-88EB-625FBE52EBFB}</UniqueIdentifier>
      <Extensions>h;hh;hpp;hxx;hm;inl;inc;xsd</Extensions>
    </Filter>
    <Filter Include="include\assert">
      <UniqueIdentifier>{367e8418-1f84-466c-93c0-5c5543d1bc66}</UniqueIdentifier>
    </Filter>
    <Filter Include="include\math">
      <UniqueIdentifier>{6a21c52c-1458-45d2-ac50-fb769cd6ca66}</UniqueIdentifier>
    </Filter>
    <Filter Include="include\math\impl">
      <UniqueIdentifier>{4378cc9b-a9ac-412f-a43a-643675efc68a}</UniqueIdentifier>
    </Filter>
    <Filter Include="include\math\impl\vector4f">
      <UniqueIdentifier>{1b9895e6-ece7-494f-b1df-6fd66f4476aa}</UniqueIdentifier>
    </Filter>
    <Filter Include="include\math\impl\matrix4f">
      <UniqueIdentifier>{ae18dc78-415d-41de-a835-875e8bc82395}</UniqueIdentifier>
    </Filter>
    <Filter Include="include\lockfree">
      <UniqueIdentifier>{145f0927-0d27-44fe-92f1-ab9ad4710a05}</UniqueIdentifier>
    </Filter>
    <Filter Include="include\math\impl\vector4i">
      <UniqueIdentifier>{56f835d3-d1fa-4921-bd46-c3f329861c55}</UniqueIdentifier>
    </Filter>
    <Filter Include="include\xtm">
      <UniqueIdentifier>{f07830a1-3c6a-4594-8b2b-79d8ec8b3fdd}</UniqueIdentifier>
    </Filter>
    <Filter Include="include\utf">
      <UniqueIdentifier>{56575bb8-07a7-4c79-9adb-214074d8fee8}</UniqueIdentifier>
    </Filter>
    <Filter Include="include\config">
      <UniqueIdentifier>{24f56b7f-e2dd-40a2-836e-a21f2f8164a9}</UniqueIdentifier>
    </Filter>
    <Filter Include="include\thread">
      <UniqueIdentifier>{ed4438da-80b5-405f-9b06-d7ee5e25a7bf}</UniqueIdentifier>
    </Filter>
  </ItemGroup>
  <ItemGroup>
    <ClInclude Include="..\include\atma\algorithm.hpp">
      <Filter>include</Filter>
    </ClInclude>
    <ClInclude Include="..\include\atma\assert.hpp">
      <Filter>include</Filter>
    </ClInclude>
    <ClInclude Include="..\include\atma\console.hpp">
      <Filter>include</Filter>
    </ClInclude>
    <ClInclude Include="..\include\atma\intrusive_ptr.hpp">
      <Filter>include</Filter>
    </ClInclude>
    <ClInclude Include="..\include\atma\string.hpp">
      <Filter>include</Filter>
    </ClInclude>
    <ClInclude Include="..\include\atma\assert\basic.hpp">
      <Filter>include\assert</Filter>
    </ClInclude>
    <ClInclude Include="..\include\atma\assert\config.hpp">
      <Filter>include\assert</Filter>
    </ClInclude>
    <ClInclude Include="..\include\atma\assert\ensure.hpp">
      <Filter>include\assert</Filter>
    </ClInclude>
    <ClInclude Include="..\include\atma\assert\handling.hpp">
      <Filter>include\assert</Filter>
    </ClInclude>
    <ClInclude Include="..\include\atma\math\impl\expr.hpp">
      <Filter>include\math\impl</Filter>
    </ClInclude>
    <ClInclude Include="..\include\atma\math\impl\storage_policy.hpp">
      <Filter>include\math\impl</Filter>
    </ClInclude>
    <ClInclude Include="..\include\atma\math\vector4f.hpp">
      <Filter>include\math</Filter>
    </ClInclude>
    <ClInclude Include="..\include\atma\math\impl\binary_expr.hpp">
      <Filter>include\math\impl</Filter>
    </ClInclude>
    <ClInclude Include="..\include\atma\math\impl\element_type_of.hpp">
      <Filter>include\math\impl</Filter>
    </ClInclude>
    <ClInclude Include="..\include\atma\math\matrix4f.hpp">
      <Filter>include\math</Filter>
    </ClInclude>
    <ClInclude Include="..\include\atma\math\impl\vector4f_definition.hpp">
      <Filter>include\math\impl\vector4f</Filter>
    </ClInclude>
    <ClInclude Include="..\include\atma\math\impl\vector4f_exprs.hpp">
      <Filter>include\math\impl\vector4f</Filter>
    </ClInclude>
    <ClInclude Include="..\include\atma\math\impl\vector4f_operators.hpp">
      <Filter>include\math\impl\vector4f</Filter>
    </ClInclude>
    <ClInclude Include="..\include\atma\math\impl\vector4f_declaration.hpp">
      <Filter>include\math\impl\vector4f</Filter>
    </ClInclude>
    <ClInclude Include="..\include\atma\event.hpp">
      <Filter>include</Filter>
    </ClInclude>
    <ClInclude Include="..\include\atma\math\impl\matrix4f_declaration.hpp">
      <Filter>include\math\impl\matrix4f</Filter>
    </ClInclude>
    <ClInclude Include="..\include\atma\math\impl\vector4f_fwd.hpp">
      <Filter>include\math\impl\vector4f</Filter>
    </ClInclude>
    <ClInclude Include="..\include\atma\math\impl\matrix4f_definition.hpp">
      <Filter>include\math\impl\matrix4f</Filter>
    </ClInclude>
    <ClInclude Include="..\include\atma\math\impl\constants.hpp">
      <Filter>include\math\impl</Filter>
    </ClInclude>
    <ClInclude Include="..\include\atma\math\impl\matrix4f_operators.hpp">
      <Filter>include\math\impl\matrix4f</Filter>
    </ClInclude>
    <ClInclude Include="..\include\atma\math\impl\matrix4f_functions.hpp">
      <Filter>include\math\impl\matrix4f</Filter>
    </ClInclude>
    <ClInclude Include="..\include\atma\lockfree\queue.hpp">
      <Filter>include\lockfree</Filter>
    </ClInclude>
    <ClInclude Include="..\include\atma\math\vector4i.hpp">
      <Filter>include\math</Filter>
    </ClInclude>
    <ClInclude Include="..\include\atma\math\impl\vector4i_declaration.hpp">
      <Filter>include\math\impl\vector4i</Filter>
    </ClInclude>
    <ClInclude Include="..\include\atma\math\impl\vector4i_definition.hpp">
      <Filter>include\math\impl\vector4i</Filter>
    </ClInclude>
    <ClInclude Include="..\include\atma\xtm\function.hpp">
      <Filter>include\xtm</Filter>
    </ClInclude>
    <ClInclude Include="..\include\atma\xtm\tuple.hpp">
      <Filter>include\xtm</Filter>
    </ClInclude>
    <ClInclude Include="..\include\atma\utf\algorithm.hpp">
      <Filter>include\utf</Filter>
    </ClInclude>
    <ClInclude Include="..\include\atma\utf\utf8_istream.hpp">
      <Filter>include\utf</Filter>
    </ClInclude>
    <ClInclude Include="..\include\atma\utf\utf8_iterator.hpp">
      <Filter>include\utf</Filter>
    </ClInclude>
    <ClInclude Include="..\include\atma\config\platform.hpp">
      <Filter>include\config</Filter>
    </ClInclude>
    <ClInclude Include="..\include\atma\enable_multiple_shared_from_this.hpp">
      <Filter>include</Filter>
    </ClInclude>
    <ClInclude Include="..\include\atma\utf\utf8_string_header.hpp">
      <Filter>include\utf</Filter>
    </ClInclude>
    <ClInclude Include="..\include\atma\utf\utf8_string.hpp">
      <Filter>include\utf</Filter>
    </ClInclude>
    <ClInclude Include="..\include\atma\utf\utf8_string_range_header.hpp">
      <Filter>include\utf</Filter>
    </ClInclude>
    <ClInclude Include="..\include\atma\utf\utf8_string_range.hpp">
      <Filter>include\utf</Filter>
    </ClInclude>
    <ClInclude Include="..\include\atma\com_ptr.hpp">
      <Filter>include</Filter>
    </ClInclude>
    <ClInclude Include="..\include\atma\thread\engine.hpp">
      <Filter>include\thread</Filter>
    </ClInclude>
    <ClInclude Include="..\include\atma\aligned_allocator.hpp">
      <Filter>include</Filter>
    </ClInclude>
    <ClInclude Include="..\include\atma\types.hpp">
      <Filter>include</Filter>
    </ClInclude>
    <ClInclude Include="..\include\atma\math\scalar.hpp">
      <Filter>include\math</Filter>
    </ClInclude>
  </ItemGroup>
</Project>